{
  "lockfileVersion": 1,
  "configVersion": 0,
  "workspaces": {
    "": {
      "name": "agent-core",
      "dependencies": {
        "@ai-sdk/anthropic": "^3.0.37",
        "@ai-sdk/google": "^3.0.21",
        "@ai-sdk/openai": "^3.0.25",
        "@ai-sdk/openai-compatible": "^2.0.27",
        "@ai-sdk/provider": "^3.0.7",
        "@ai-sdk/provider-utils": "^4.0.13",
        "glob": "^13.0.1",
        "zod": "^3.22.4",
        "zod-to-json-schema": "^3.24.5",
      },
      "devDependencies": {
        "@types/bun": "^1.0.8",
        "typescript": "^5.3.3",
      },
    },
  },
  "packages": {
    "@ai-sdk/anthropic": ["@ai-sdk/anthropic@3.0.37", "", { "dependencies": { "@ai-sdk/provider": "3.0.7", "@ai-sdk/provider-utils": "4.0.13" }, "peerDependencies": { "zod": "^3.25.76 || ^4.1.8" } }, "sha512-tEgcJPw+a6obbF+SHrEiZsx3DNxOHqeY8bK4IpiNsZ8YPZD141R34g3lEAaQnmNN5mGsEJ8SXoEDabuzi8wFJQ=="],

    "@ai-sdk/google": ["@ai-sdk/google@3.0.21", "", { "dependencies": { "@ai-sdk/provider": "3.0.7", "@ai-sdk/provider-utils": "4.0.13" }, "peerDependencies": { "zod": "^3.25.76 || ^4.1.8" } }, "sha512-qQuvcbDqDPZojtoT45UFCQVH2w3m6KJKKjqJduUsvhN5ZqOXste0h4HgHK8hwGuDfv96Jr9QQEpspbgp6iu5Uw=="],

    "@ai-sdk/openai": ["@ai-sdk/openai@3.0.25", "", { "dependencies": { "@ai-sdk/provider": "3.0.7", "@ai-sdk/provider-utils": "4.0.13" }, "peerDependencies": { "zod": "^3.25.76 || ^4.1.8" } }, "sha512-DsaN46R98+D1W3lU3fKuPU3ofacboLaHlkAwxJPgJ8eup1AJHmPK1N1y10eJJbJcF6iby8Tf/vanoZxc9JPUfw=="],

    "@ai-sdk/openai-compatible": ["@ai-sdk/openai-compatible@2.0.27", "", { "dependencies": { "@ai-sdk/provider": "3.0.7", "@ai-sdk/provider-utils": "4.0.13" }, "peerDependencies": { "zod": "^3.25.76 || ^4.1.8" } }, "sha512-YpAZe7OQuMkYqcM/m1BMX0xFn4QdhuL4qGo8sNaiLq1VjEeU/pPfz51rnlpCfCvYanUL5TjIZEbdclBUwLooSQ=="],

    "@ai-sdk/provider": ["@ai-sdk/provider@3.0.7", "", { "dependencies": { "json-schema": "^0.4.0" } }, "sha512-VkPLrutM6VdA924/mG8OS+5frbVTcu6e046D2bgDo00tehBANR1QBJ/mPcZ9tXMFOsVcm6SQArOregxePzTFPw=="],

    "@ai-sdk/provider-utils": ["@ai-sdk/provider-utils@4.0.13", "", { "dependencies": { "@ai-sdk/provider": "3.0.7", "@standard-schema/spec": "^1.1.0", "eventsource-parser": "^3.0.6" }, "peerDependencies": { "zod": "^3.25.76 || ^4.1.8" } }, "sha512-HHG72BN4d+OWTcq2NwTxOm/2qvk1duYsnhCDtsbYwn/h/4zeqURu1S0+Cn0nY2Ysq9a9HGKvrYuMn9bgFhR2Og=="],

    "@isaacs/balanced-match": ["@isaacs/balanced-match@4.0.1", "", {}, "sha512-yzMTt9lEb8Gv7zRioUilSglI0c0smZ9k5D65677DLWLtWJaXIS3CqcGyUFByYKlnUj6TkjLVs54fBl6+TiGQDQ=="],

    "@isaacs/brace-expansion": ["@isaacs/brace-expansion@5.0.1", "", { "dependencies": { "@isaacs/balanced-match": "^4.0.1" } }, "sha512-WMz71T1JS624nWj2n2fnYAuPovhv7EUhk69R6i9dsVyzxt5eM3bjwvgk9L+APE1TRscGysAVMANkB0jh0LQZrQ=="],

    "@standard-schema/spec": ["@standard-schema/spec@1.1.0", "", {}, "sha512-l2aFy5jALhniG5HgqrD6jXLi/rUWrKvqN/qJx6yoJsgKhblVd+iqqU4RCXavm/jPityDo5TCvKMnpjKnOriy0w=="],

    "@types/bun": ["@types/bun@1.3.8", "", { "dependencies": { "bun-types": "1.3.8" } }, ""],

    "@types/node": ["@types/node@25.2.0", "", { "dependencies": { "undici-types": "~7.16.0" } }, ""],

    "bun-types": ["bun-types@1.3.8", "", { "dependencies": { "@types/node": "*" } }, ""],

    "eventsource-parser": ["eventsource-parser@3.0.6", "", {}, "sha512-Vo1ab+QXPzZ4tCa8SwIHJFaSzy4R6SHf7BY79rFBDf0idraZWAkYrDjDj8uWaSm3S2TK+hJ7/t1CEmZ7jXw+pg=="],

    "glob": ["glob@13.0.1", "", { "dependencies": { "minimatch": "^10.1.2", "minipass": "^7.1.2", "path-scurry": "^2.0.0" } }, "sha512-B7U/vJpE3DkJ5WXTgTpTRN63uV42DseiXXKMwG14LQBXmsdeIoHAPbU/MEo6II0k5ED74uc2ZGTC6MwHFQhF6w=="],

    "json-schema": ["json-schema@0.4.0", "", {}, "sha512-es94M3nTIfsEPisRafak+HDLfHXnKBhV3vU5eqPcS3flIWqcxJWgXHXiey3YrpaNsanY5ei1VoYEbOzijuq9BA=="],

    "lru-cache": ["lru-cache@11.2.5", "", {}, "sha512-vFrFJkWtJvJnD5hg+hJvVE8Lh/TcMzKnTgCWmtBipwI5yLX/iX+5UB2tfuyODF5E7k9xEzMdYgGqaSb1c0c5Yw=="],

    "minimatch": ["minimatch@10.1.2", "", { "dependencies": { "@isaacs/brace-expansion": "^5.0.1" } }, "sha512-fu656aJ0n2kcXwsnwnv9g24tkU5uSmOlTjd6WyyaKm2Z+h1qmY6bAjrcaIxF/BslFqbZ8UBtbJi7KgQOZD2PTw=="],

    "minipass": ["minipass@7.1.2", "", {}, "sha512-qOOzS1cBTWYF4BH8fVePDBOO9iptMnGUEZwNc/cMWnTV2nVLZ7VoNWEPHkYczZA0pdoA7dl6e7FL659nX9S2aw=="],

    "path-scurry": ["path-scurry@2.0.1", "", { "dependencies": { "lru-cache": "^11.0.0", "minipass": "^7.1.2" } }, "sha512-oWyT4gICAu+kaA7QWk/jvCHWarMKNs6pXOGWKDTr7cw4IGcUbW+PeTfbaQiLGheFRpjo6O9J0PmyMfQPjH71oA=="],

    "typescript": ["typescript@5.9.3", "", { "bin": { "tsc": "bin/tsc", "tsserver": "bin/tsserver" } }, ""],

    "undici-types": ["undici-types@7.16.0", "", {}, ""],

    "zod": ["zod@3.25.76", "", {}, ""],

    "zod-to-json-schema": ["zod-to-json-schema@3.25.1", "", { "peerDependencies": { "zod": "^3.25 || ^4" } }, "sha512-pM/SU9d3YAggzi6MtR4h7ruuQlqKtad8e9S0fmxcMi+ueAK5Korys/aWcV9LIIHTVbj01NdzxcnXSN+O74ZIVA=="],
  }
}
