{
  "lockfileVersion": 1,
  "configVersion": 1,
  "workspaces": {
    "": {
      "name": "agent-core",
      "dependencies": {
        "@ai-sdk/anthropic": "^3.0.37",
        "@ai-sdk/cerebras": "^2.0.30",
        "@ai-sdk/cohere": "^3.0.18",
        "@ai-sdk/deepinfra": "^2.0.31",
        "@ai-sdk/google": "^3.0.21",
        "@ai-sdk/groq": "^3.0.21",
        "@ai-sdk/mistral": "^3.0.18",
        "@ai-sdk/openai": "^3.0.25",
        "@ai-sdk/openai-compatible": "^2.0.27",
        "@ai-sdk/perplexity": "^3.0.17",
        "@ai-sdk/togetherai": "^2.0.30",
        "@ai-sdk/xai": "^3.0.47",
        "@types/eventsource": "^3.0.0",
        "@types/node": "^25.2.1",
        "ai": "^6.0.73",
        "eventsource": "^4.1.0",
        "glob": "^13.0.1",
        "hono": "^4.0.0",
        "solid-js": "^1.9.11",
        "yargs": "^18.0.0",
        "zod": "^3.22.4",
        "zod-to-json-schema": "^3.24.5",
      },
      "devDependencies": {
        "@types/bun": "^1.0.8",
        "@types/yargs": "^17.0.35",
        "typescript": "^5.3.3",
      },
    },
  },
  "packages": {
    "@ai-sdk/anthropic": ["@ai-sdk/anthropic@3.0.38", "", { "dependencies": { "@ai-sdk/provider": "3.0.8", "@ai-sdk/provider-utils": "4.0.14" }, "peerDependencies": { "zod": "^3.25.76 || ^4.1.8" } }, "sha512-9MchyPRPni0WzrFeIGNevZpQVfWxaS+MQFupIXYQo9VgHnuO1Vyrp9SBmjkkuoAdBs7GomsWqLZCcNMJAVbdFA=="],

    "@ai-sdk/cerebras": ["@ai-sdk/cerebras@2.0.31", "", { "dependencies": { "@ai-sdk/openai-compatible": "2.0.28", "@ai-sdk/provider": "3.0.8", "@ai-sdk/provider-utils": "4.0.14" }, "peerDependencies": { "zod": "^3.25.76 || ^4.1.8" } }, "sha512-s7o4BRsbG2RFina4VwHs46RWlQPGCL1CrfOoMomYneJeA0CgpxPigPqwlrupaWWB42KIDDHN5gNOIsLst0oOPg=="],

    "@ai-sdk/cohere": ["@ai-sdk/cohere@3.0.19", "", { "dependencies": { "@ai-sdk/provider": "3.0.8", "@ai-sdk/provider-utils": "4.0.14" }, "peerDependencies": { "zod": "^3.25.76 || ^4.1.8" } }, "sha512-la08+g1Gz4x32L57hLc2tUo5OTJJvzXV10Nc8g293c3lwVwaRiucV7LBUbH0lLOeYxcT1AdWZZ7k857MIRnfoA=="],

    "@ai-sdk/deepinfra": ["@ai-sdk/deepinfra@2.0.32", "", { "dependencies": { "@ai-sdk/openai-compatible": "2.0.28", "@ai-sdk/provider": "3.0.8", "@ai-sdk/provider-utils": "4.0.14" }, "peerDependencies": { "zod": "^3.25.76 || ^4.1.8" } }, "sha512-GgQQgoYpyn4GDrgrKJORMrL1MaRy8iX/pK/k6WGeAgsEAK97m95DcVpW68YwhLD+oQpwIJgDfocr+KIbvPLaIg=="],

    "@ai-sdk/gateway": ["@ai-sdk/gateway@3.0.39", "", { "dependencies": { "@ai-sdk/provider": "3.0.8", "@ai-sdk/provider-utils": "4.0.14", "@vercel/oidc": "3.1.0" }, "peerDependencies": { "zod": "^3.25.76 || ^4.1.8" } }, "sha512-SeCZBAdDNbWpVUXiYgOAqis22p5MEYfrjRw0hiBa5hM+7sDGYQpMinUjkM8kbPXMkY+AhKLrHleBl+SuqpzlgA=="],

    "@ai-sdk/google": ["@ai-sdk/google@3.0.22", "", { "dependencies": { "@ai-sdk/provider": "3.0.8", "@ai-sdk/provider-utils": "4.0.14" }, "peerDependencies": { "zod": "^3.25.76 || ^4.1.8" } }, "sha512-g1N5P/jfTiH4qwdv4WT3hkKzzAbITFz457NomtBfjP8Q3SCzdbU9oPK5ACBMG8RN5mc2QPL6DLtM3Hf5T8KPmw=="],

    "@ai-sdk/groq": ["@ai-sdk/groq@3.0.22", "", { "dependencies": { "@ai-sdk/provider": "3.0.8", "@ai-sdk/provider-utils": "4.0.14" }, "peerDependencies": { "zod": "^3.25.76 || ^4.1.8" } }, "sha512-QBkqBmlts2qz2vX54gXeP9IdztMFxZw7xPNwjOjHYhEL7RynzB2aFafPIbAYTVNosrU0YEETxhw9LISjS2TtXw=="],

    "@ai-sdk/mistral": ["@ai-sdk/mistral@3.0.19", "", { "dependencies": { "@ai-sdk/provider": "3.0.8", "@ai-sdk/provider-utils": "4.0.14" }, "peerDependencies": { "zod": "^3.25.76 || ^4.1.8" } }, "sha512-yd0OJ3fm2YKdwxh1pd9m720sENVVcylAD+Bki8C80QqVpUxGNL1/C4N4JJGb56eCCWr6VU/3gHFe9PKui9n/Hg=="],

    "@ai-sdk/openai": ["@ai-sdk/openai@3.0.26", "", { "dependencies": { "@ai-sdk/provider": "3.0.8", "@ai-sdk/provider-utils": "4.0.14" }, "peerDependencies": { "zod": "^3.25.76 || ^4.1.8" } }, "sha512-W/hiwxIfG29IO0Fob1HwWpFssMsNrxWoX8A7DwNGOtKArDBmJNuGzQeU/k0Fnh8WyvZEnfxkjO4oXkSXfVBayg=="],

    "@ai-sdk/openai-compatible": ["@ai-sdk/openai-compatible@2.0.28", "", { "dependencies": { "@ai-sdk/provider": "3.0.8", "@ai-sdk/provider-utils": "4.0.14" }, "peerDependencies": { "zod": "^3.25.76 || ^4.1.8" } }, "sha512-WzDnU0B13FMSSupDtm2lksFZvWGXnOfhG5S0HoPI0pkX5uVkr6N1UTATMyVaxLCG0MRkMhXCjkg4NXgEbb330Q=="],

    "@ai-sdk/perplexity": ["@ai-sdk/perplexity@3.0.18", "", { "dependencies": { "@ai-sdk/provider": "3.0.8", "@ai-sdk/provider-utils": "4.0.14" }, "peerDependencies": { "zod": "^3.25.76 || ^4.1.8" } }, "sha512-NZXb9EESGwqxfSA0z5lATpLzqSzkdO2qDvYh3o9m8k4YQp4HWqBxRxEaNfDygAAtmZkEH+StnqP2ZT3Z/+GRxw=="],

    "@ai-sdk/provider": ["@ai-sdk/provider@3.0.8", "", { "dependencies": { "json-schema": "^0.4.0" } }, "sha512-oGMAgGoQdBXbZqNG0Ze56CHjDZ1IDYOwGYxYjO5KLSlz5HiNQ9udIXsPZ61VWaHGZ5XW/jyjmr6t2xz2jGVwbQ=="],

    "@ai-sdk/provider-utils": ["@ai-sdk/provider-utils@4.0.14", "", { "dependencies": { "@ai-sdk/provider": "3.0.8", "@standard-schema/spec": "^1.1.0", "eventsource-parser": "^3.0.6" }, "peerDependencies": { "zod": "^3.25.76 || ^4.1.8" } }, "sha512-7bzKd9lgiDeXM7O4U4nQ8iTxguAOkg8LZGD9AfDVZYjO5cKYRwBPwVjboFcVrxncRHu0tYxZtXZtiLKpG4pEng=="],

    "@ai-sdk/togetherai": ["@ai-sdk/togetherai@2.0.31", "", { "dependencies": { "@ai-sdk/openai-compatible": "2.0.28", "@ai-sdk/provider": "3.0.8", "@ai-sdk/provider-utils": "4.0.14" }, "peerDependencies": { "zod": "^3.25.76 || ^4.1.8" } }, "sha512-yT1LQYsNue1RwNf11LKzGgGyoNmeZMdpCA0SMxD4Nv/apW/xHCX5s/kMhbBaJXoARWPHDhM8Bbv4DVdqhlXcYg=="],

    "@ai-sdk/xai": ["@ai-sdk/xai@3.0.48", "", { "dependencies": { "@ai-sdk/openai-compatible": "2.0.28", "@ai-sdk/provider": "3.0.8", "@ai-sdk/provider-utils": "4.0.14" }, "peerDependencies": { "zod": "^3.25.76 || ^4.1.8" } }, "sha512-fUefjg7TwngHUtv0s+8j+GSPBiQRSETOPpICpaubz0CDNj0inBw/bZ6DKskQol7O20BIcoz0eKweedtC+F5iyQ=="],

    "@isaacs/balanced-match": ["@isaacs/balanced-match@4.0.1", "", {}, "sha512-yzMTt9lEb8Gv7zRioUilSglI0c0smZ9k5D65677DLWLtWJaXIS3CqcGyUFByYKlnUj6TkjLVs54fBl6+TiGQDQ=="],

    "@isaacs/brace-expansion": ["@isaacs/brace-expansion@5.0.1", "", { "dependencies": { "@isaacs/balanced-match": "^4.0.1" } }, "sha512-WMz71T1JS624nWj2n2fnYAuPovhv7EUhk69R6i9dsVyzxt5eM3bjwvgk9L+APE1TRscGysAVMANkB0jh0LQZrQ=="],

    "@opentelemetry/api": ["@opentelemetry/api@1.9.0", "", {}, "sha512-3giAOQvZiH5F9bMlMiv8+GSPMeqg0dbaeo58/0SlA9sxSqZhnUtxzX9/2FzyhS9sWQf5S0GJE0AKBrFqjpeYcg=="],

    "@standard-schema/spec": ["@standard-schema/spec@1.1.0", "", {}, "sha512-l2aFy5jALhniG5HgqrD6jXLi/rUWrKvqN/qJx6yoJsgKhblVd+iqqU4RCXavm/jPityDo5TCvKMnpjKnOriy0w=="],

    "@types/bun": ["@types/bun@1.3.8", "", { "dependencies": { "bun-types": "1.3.8" } }, "sha512-3LvWJ2q5GerAXYxO2mffLTqOzEu5qnhEAlh48Vnu8WQfnmSwbgagjGZV6BoHKJztENYEDn6QmVd949W4uESRJA=="],

    "@types/eventsource": ["@types/eventsource@3.0.0", "", { "dependencies": { "eventsource": "*" } }, "sha512-yEhFj31FTD29DtNeqePu+A+lD6loRef6YOM5XfN1kUwBHyy2DySGlA3jJU+FbQSkrfmlBVluf2Dub/OyReFGKA=="],

    "@types/node": ["@types/node@25.2.2", "", { "dependencies": { "undici-types": "~7.16.0" } }, "sha512-BkmoP5/FhRYek5izySdkOneRyXYN35I860MFAGupTdebyE66uZaR+bXLHq8k4DirE5DwQi3NuhvRU1jqTVwUrQ=="],

    "@types/yargs": ["@types/yargs@17.0.35", "", { "dependencies": { "@types/yargs-parser": "*" } }, "sha512-qUHkeCyQFxMXg79wQfTtfndEC+N9ZZg76HJftDJp+qH2tV7Gj4OJi7l+PiWwJ+pWtW8GwSmqsDj/oymhrTWXjg=="],

    "@types/yargs-parser": ["@types/yargs-parser@21.0.3", "", {}, "sha512-I4q9QU9MQv4oEOz4tAHJtNz1cwuLxn2F3xcc2iV5WdqLPpUnj30aUuxt1mAxYTG+oe8CZMV/+6rU4S4gRDzqtQ=="],

    "@vercel/oidc": ["@vercel/oidc@3.1.0", "", {}, "sha512-Fw28YZpRnA3cAHHDlkt7xQHiJ0fcL+NRcIqsocZQUSmbzeIKRpwttJjik5ZGanXP+vlA4SbTg+AbA3bP363l+w=="],

    "ai": ["ai@6.0.77", "", { "dependencies": { "@ai-sdk/gateway": "3.0.39", "@ai-sdk/provider": "3.0.8", "@ai-sdk/provider-utils": "4.0.14", "@opentelemetry/api": "1.9.0" }, "peerDependencies": { "zod": "^3.25.76 || ^4.1.8" } }, "sha512-tyyhrRpCRFVlivdNIFLK8cexSBB2jwTqO0z1qJQagk+UxZ+MW8h5V8xsvvb+xdKDY482Y8KAm0mr7TDnPKvvlw=="],

    "ansi-regex": ["ansi-regex@6.2.2", "", {}, "sha512-Bq3SmSpyFHaWjPk8If9yc6svM8c56dB5BAtW4Qbw5jHTwwXXcTLoRMkpDJp6VL0XzlWaCHTXrkFURMYmD0sLqg=="],

    "ansi-styles": ["ansi-styles@6.2.3", "", {}, "sha512-4Dj6M28JB+oAH8kFkTLUo+a2jwOFkuqb3yucU0CANcRRUbxS0cP0nZYCGjcc3BNXwRIsUVmDGgzawme7zvJHvg=="],

    "bun-types": ["bun-types@1.3.8", "", { "dependencies": { "@types/node": "*" } }, "sha512-fL99nxdOWvV4LqjmC+8Q9kW3M4QTtTR1eePs94v5ctGqU8OeceWrSUaRw3JYb7tU3FkMIAjkueehrHPPPGKi5Q=="],

    "cliui": ["cliui@9.0.1", "", { "dependencies": { "string-width": "^7.2.0", "strip-ansi": "^7.1.0", "wrap-ansi": "^9.0.0" } }, "sha512-k7ndgKhwoQveBL+/1tqGJYNz097I7WOvwbmmU2AR5+magtbjPWQTS1C5vzGkBC8Ym8UWRzfKUzUUqFLypY4Q+w=="],

    "csstype": ["csstype@3.2.3", "", {}, "sha512-z1HGKcYy2xA8AGQfwrn0PAy+PB7X/GSj3UVJW9qKyn43xWa+gl5nXmU4qqLMRzWVLFC8KusUX8T/0kCiOYpAIQ=="],

    "emoji-regex": ["emoji-regex@10.6.0", "", {}, "sha512-toUI84YS5YmxW219erniWD0CIVOo46xGKColeNQRgOzDorgBi1v4D71/OFzgD9GO2UGKIv1C3Sp8DAn0+j5w7A=="],

    "escalade": ["escalade@3.2.0", "", {}, "sha512-WUj2qlxaQtO4g6Pq5c29GTcWGDyd8itL8zTlipgECz3JesAiiOKotd8JU6otB3PACgG6xkJUyVhboMS+bje/jA=="],

    "eventsource": ["eventsource@4.1.0", "", { "dependencies": { "eventsource-parser": "^3.0.1" } }, "sha512-2GuF51iuHX6A9xdTccMTsNb7VO0lHZihApxhvQzJB5A03DvHDd2FQepodbMaztPBmBcE/ox7o2gqaxGhYB9LhQ=="],

    "eventsource-parser": ["eventsource-parser@3.0.6", "", {}, "sha512-Vo1ab+QXPzZ4tCa8SwIHJFaSzy4R6SHf7BY79rFBDf0idraZWAkYrDjDj8uWaSm3S2TK+hJ7/t1CEmZ7jXw+pg=="],

    "get-caller-file": ["get-caller-file@2.0.5", "", {}, "sha512-DyFP3BM/3YHTQOCUL/w0OZHR0lpKeGrxotcHWcqNEdnltqFwXVfhEBQ94eIo34AfQpo0rGki4cyIiftY06h2Fg=="],

    "get-east-asian-width": ["get-east-asian-width@1.4.0", "", {}, "sha512-QZjmEOC+IT1uk6Rx0sX22V6uHWVwbdbxf1faPqJ1QhLdGgsRGCZoyaQBm/piRdJy/D2um6hM1UP7ZEeQ4EkP+Q=="],

    "glob": ["glob@13.0.1", "", { "dependencies": { "minimatch": "^10.1.2", "minipass": "^7.1.2", "path-scurry": "^2.0.0" } }, "sha512-B7U/vJpE3DkJ5WXTgTpTRN63uV42DseiXXKMwG14LQBXmsdeIoHAPbU/MEo6II0k5ED74uc2ZGTC6MwHFQhF6w=="],

    "hono": ["hono@4.11.8", "", {}, "sha512-eVkB/CYCCei7K2WElZW9yYQFWssG0DhaDhVvr7wy5jJ22K+ck8fWW0EsLpB0sITUTvPnc97+rrbQqIr5iqiy9Q=="],

    "json-schema": ["json-schema@0.4.0", "", {}, "sha512-es94M3nTIfsEPisRafak+HDLfHXnKBhV3vU5eqPcS3flIWqcxJWgXHXiey3YrpaNsanY5ei1VoYEbOzijuq9BA=="],

    "lru-cache": ["lru-cache@11.2.5", "", {}, "sha512-vFrFJkWtJvJnD5hg+hJvVE8Lh/TcMzKnTgCWmtBipwI5yLX/iX+5UB2tfuyODF5E7k9xEzMdYgGqaSb1c0c5Yw=="],

    "minimatch": ["minimatch@10.1.2", "", { "dependencies": { "@isaacs/brace-expansion": "^5.0.1" } }, "sha512-fu656aJ0n2kcXwsnwnv9g24tkU5uSmOlTjd6WyyaKm2Z+h1qmY6bAjrcaIxF/BslFqbZ8UBtbJi7KgQOZD2PTw=="],

    "minipass": ["minipass@7.1.2", "", {}, "sha512-qOOzS1cBTWYF4BH8fVePDBOO9iptMnGUEZwNc/cMWnTV2nVLZ7VoNWEPHkYczZA0pdoA7dl6e7FL659nX9S2aw=="],

    "path-scurry": ["path-scurry@2.0.1", "", { "dependencies": { "lru-cache": "^11.0.0", "minipass": "^7.1.2" } }, "sha512-oWyT4gICAu+kaA7QWk/jvCHWarMKNs6pXOGWKDTr7cw4IGcUbW+PeTfbaQiLGheFRpjo6O9J0PmyMfQPjH71oA=="],

    "seroval": ["seroval@1.5.0", "", {}, "sha512-OE4cvmJ1uSPrKorFIH9/w/Qwuvi/IMcGbv5RKgcJ/zjA/IohDLU6SVaxFN9FwajbP7nsX0dQqMDes1whk3y+yw=="],

    "seroval-plugins": ["seroval-plugins@1.5.0", "", { "peerDependencies": { "seroval": "^1.0" } }, "sha512-EAHqADIQondwRZIdeW2I636zgsODzoBDwb3PT/+7TLDWyw1Dy/Xv7iGUIEXXav7usHDE9HVhOU61irI3EnyyHA=="],

    "solid-js": ["solid-js@1.9.11", "", { "dependencies": { "csstype": "^3.1.0", "seroval": "~1.5.0", "seroval-plugins": "~1.5.0" } }, "sha512-WEJtcc5mkh/BnHA6Yrg4whlF8g6QwpmXXRg4P2ztPmcKeHHlH4+djYecBLhSpecZY2RRECXYUwIc/C2r3yzQ4Q=="],

    "string-width": ["string-width@7.2.0", "", { "dependencies": { "emoji-regex": "^10.3.0", "get-east-asian-width": "^1.0.0", "strip-ansi": "^7.1.0" } }, "sha512-tsaTIkKW9b4N+AEj+SVA+WhJzV7/zMhcSu78mLKWSk7cXMOSHsBKFWUs0fWwq8QyK3MgJBQRX6Gbi4kYbdvGkQ=="],

    "strip-ansi": ["strip-ansi@7.1.2", "", { "dependencies": { "ansi-regex": "^6.0.1" } }, "sha512-gmBGslpoQJtgnMAvOVqGZpEz9dyoKTCzy2nfz/n8aIFhN/jCE/rCmcxabB6jOOHV+0WNnylOxaxBQPSvcWklhA=="],

    "typescript": ["typescript@5.9.3", "", { "bin": { "tsc": "bin/tsc", "tsserver": "bin/tsserver" } }, "sha512-jl1vZzPDinLr9eUt3J/t7V6FgNEw9QjvBPdysz9KfQDD41fQrC2Y4vKQdiaUpFT4bXlb1RHhLpp8wtm6M5TgSw=="],

    "undici-types": ["undici-types@7.16.0", "", {}, "sha512-Zz+aZWSj8LE6zoxD+xrjh4VfkIG8Ya6LvYkZqtUQGJPZjYl53ypCaUwWqo7eI0x66KBGeRo+mlBEkMSeSZ38Nw=="],

    "wrap-ansi": ["wrap-ansi@9.0.2", "", { "dependencies": { "ansi-styles": "^6.2.1", "string-width": "^7.0.0", "strip-ansi": "^7.1.0" } }, "sha512-42AtmgqjV+X1VpdOfyTGOYRi0/zsoLqtXQckTmqTeybT+BDIbM/Guxo7x3pE2vtpr1ok6xRqM9OpBe+Jyoqyww=="],

    "y18n": ["y18n@5.0.8", "", {}, "sha512-0pfFzegeDWJHJIAmTLRP2DwHjdF5s7jo9tuztdQxAhINCdvS+3nGINqPd00AphqJR/0LhANUS6/+7SCb98YOfA=="],

    "yargs": ["yargs@18.0.0", "", { "dependencies": { "cliui": "^9.0.1", "escalade": "^3.1.1", "get-caller-file": "^2.0.5", "string-width": "^7.2.0", "y18n": "^5.0.5", "yargs-parser": "^22.0.0" } }, "sha512-4UEqdc2RYGHZc7Doyqkrqiln3p9X2DZVxaGbwhn2pi7MrRagKaOcIKe8L3OxYcbhXLgLFUS3zAYuQjKBQgmuNg=="],

    "yargs-parser": ["yargs-parser@22.0.0", "", {}, "sha512-rwu/ClNdSMpkSrUb+d6BRsSkLUq1fmfsY6TOpYzTwvwkg1/NRG85KBy3kq++A8LKQwX6lsu+aWad+2khvuXrqw=="],

    "zod": ["zod@3.25.76", "", {}, "sha512-gzUt/qt81nXsFGKIFcC3YnfEAx5NkunCfnDlvuBSSFS02bcXu4Lmea0AFIUwbLWxWPx3d9p8S5QoaujKcNQxcQ=="],

    "zod-to-json-schema": ["zod-to-json-schema@3.25.1", "", { "peerDependencies": { "zod": "^3.25 || ^4" } }, "sha512-pM/SU9d3YAggzi6MtR4h7ruuQlqKtad8e9S0fmxcMi+ueAK5Korys/aWcV9LIIHTVbj01NdzxcnXSN+O74ZIVA=="],
  }
}
